
Microsoft Visual Studio Solution File, Format Version 11.00
# Visual Studio 2010
Project("{FAE04EC0-301F-11D3-BF4B-00C04F79EFBC}") = "MyGeneratedLibrary", "src/MyGeneratedLibrary.csproj", "{0ABE71B2-5750-4F6D-96CD-3B97B80625C2}"
EndProject
Project("{FAE04EC0-301F-11D3-BF4B-00C04F79EFBC}") = "MyGeneratedLibrary.Specs", "spec/MyGeneratedLibrary.Specs.csproj", "{4AD000D9-C71E-47C0-AB38-0A4380C1D71B}"
EndProject
Global
	GlobalSection(SolutionConfigurationPlatforms) = preSolution
		Debug|Any CPU = Debug|Any CPU
		Release|Any CPU = Release|Any CPU
	EndGlobalSection
	GlobalSection(ProjectConfigurationPlatforms) = postSolution
		{0ABE71B2-5750-4F6D-96CD-3B97B80625C2}.Debug|Any CPU.ActiveCfg = Debug|Any CPU
		{0ABE71B2-5750-4F6D-96CD-3B97B80625C2}.Debug|Any CPU.Build.0 = Debug|Any CPU
		{0ABE71B2-5750-4F6D-96CD-3B97B80625C2}.Release|Any CPU.ActiveCfg = Release|Any CPU
		{0ABE71B2-5750-4F6D-96CD-3B97B80625C2}.Release|Any CPU.Build.0 = Release|Any CPU
		{4AD000D9-C71E-47C0-AB38-0A4380C1D71B}.Debug|Any CPU.ActiveCfg = Debug|Any CPU
		{4AD000D9-C71E-47C0-AB38-0A4380C1D71B}.Debug|Any CPU.Build.0 = Debug|Any CPU
		{4AD000D9-C71E-47C0-AB38-0A4380C1D71B}.Release|Any CPU.ActiveCfg = Release|Any CPU
		{4AD000D9-C71E-47C0-AB38-0A4380C1D71B}.Release|Any CPU.Build.0 = Release|Any CPU
	EndGlobalSection
EndGlobal
